// !$*UTF8*$!
{
	archiveVersion = 1;
	classes = {
	};
	objectVersion = 46;
	objects = {

/* Begin PBXBuildFile section */
		471ADD161BADD136001ECD5B /* AppDelegate.swift in Sources */ = {isa = PBXBuildFile; fileRef = 471ADD151BADD136001ECD5B /* AppDelegate.swift */; };
		471ADD181BADD136001ECD5B /* ViewController.swift in Sources */ = {isa = PBXBuildFile; fileRef = 471ADD171BADD136001ECD5B /* ViewController.swift */; };
		471ADD1B1BADD136001ECD5B /* Main.storyboard in Resources */ = {isa = PBXBuildFile; fileRef = 471ADD191BADD136001ECD5B /* Main.storyboard */; };
		471ADD1D1BADD136001ECD5B /* Assets.xcassets in Resources */ = {isa = PBXBuildFile; fileRef = 471ADD1C1BADD136001ECD5B /* Assets.xcassets */; };
		471ADD201BADD136001ECD5B /* LaunchScreen.storyboard in Resources */ = {isa = PBXBuildFile; fileRef = 471ADD1E1BADD136001ECD5B /* LaunchScreen.storyboard */; };
/* End PBXBuildFile section */

/* Begin PBXFileReference section */
		471ADD121BADD136001ECD5B /* TryCatchSwiftDos.app */ = {isa = PBXFileReference; explicitFileType = wrapper.application; includeInIndex = 0; path = TryCatchSwiftDos.app; sourceTree = BUILT_PRODUCTS_DIR; };
		471ADD151BADD136001ECD5B /* AppDelegate.swift */ = {isa = PBXFileReference; lastKnownFileType = sourcecode.swift; path = AppDelegate.swift; sourceTree = "<group>"; };
		471ADD171BADD136001ECD5B /* ViewController.swift */ = {isa = PBXFileReference; lastKnownFileType = sourcecode.swift; path = ViewController.swift; sourceTree = "<group>"; };
		471ADD1A1BADD136001ECD5B /* Base */ = {isa = PBXFileReference; lastKnownFileType = file.storyboard; name = Base; path = Base.lproj/Main.storyboard; sourceTree = "<group>"; };
		471ADD1C1BADD136001ECD5B /* Assets.xcassets */ = {isa = PBXFileReference; lastKnownFileType = folder.assetcatalog; path = Assets.xcassets; sourceTree = "<group>"; };
		471ADD1F1BADD136001ECD5B /* Base */ = {isa = PBXFileReference; lastKnownFileType = file.storyboard; name = Base; path = Base.lproj/LaunchScreen.storyboard; sourceTree = "<group>"; };
		471ADD211BADD136001ECD5B /* Info.plist */ = {isa = PBXFileReference; lastKnownFileType = text.plist.xml; path = Info.plist; sourceTree = "<group>"; };
/* End PBXFileReference section */

/* Begin PBXFrameworksBuildPhase section */
		471ADD0F1BADD136001ECD5B /* Frameworks */ = {
			isa = PBXFrameworksBuildPhase;
			buildActionMask = 2147483647;
			files = (
			);
			runOnlyForDeploymentPostprocessing = 0;
		};
/* End PBXFrameworksBuildPhase section */

/* Begin PBXGroup section */
		471ADD091BADD136001ECD5B = {
			isa = PBXGroup;
			children = (
				471ADD141BADD136001ECD5B /* TryCatchSwiftDos */,
				471ADD131BADD136001ECD5B /* Products */,
			);
			sourceTree = "<group>";
		};
		471ADD131BADD136001ECD5B /* Products */ = {
			isa = PBXGroup;
			children = (
				471ADD121BADD136001ECD5B /* TryCatchSwiftDos.app */,
			);
			name = Products;
			sourceTree = "<group>";
		};
		471ADD141BADD136001ECD5B /* TryCatchSwiftDos */ = {
			isa = PBXGroup;
			children = (
				471ADD151BADD136001ECD5B /* AppDelegate.swift */,
				471ADD171BADD136001ECD5B /* ViewController.swift */,
				471ADD191BADD136001ECD5B /* Main.storyboard */,
				471ADD1C1BADD136001ECD5B /* Assets.xcassets */,
				471ADD1E1BADD136001ECD5B /* LaunchScreen.storyboard */,
				471ADD211BADD136001ECD5B /* Info.plist */,
			);
			path = TryCatchSwiftDos;
			sourceTree = "<group>";
		};
/* End PBXGroup section */

/* Begin PBXNativeTarget section */
		471ADD111BADD136001ECD5B /* TryCatchSwiftDos */ = {
			isa = PBXNativeTarget;
			buildConfigurationList = 471ADD241BADD136001ECD5B /* Build configuration list for PBXNativeTarget "TryCatchSwiftDos" */;
			buildPhases = (
				471ADD0E1BADD136001ECD5B /* Sources */,
				471ADD0F1BADD136001ECD5B /* Frameworks */,
				471ADD101BADD136001ECD5B /* Resources */,
			);
			buildRules = (
			);
			dependencies = (
			);
			name = TryCatchSwiftDos;
			productName = TryCatchSwiftDos;
			productReference = 471ADD121BADD136001ECD5B /* TryCatchSwiftDos.app */;
			productType = "com.apple.product-type.application";
		};
/* End PBXNativeTarget section */

/* Begin PBXProject section */
		471ADD0A1BADD136001ECD5B /* Project object */ = {
			isa = PBXProject;
			attributes = {
				LastUpgradeCheck = 0700;
				ORGANIZATIONNAME = iphone4peru.com;
				TargetAttributes = {
					471ADD111BADD136001ECD5B = {
						CreatedOnToolsVersion = 7.0;
					};
				};
			};
			buildConfigurationList = 471ADD0D1BADD136001ECD5B /* Build configuration list for PBXProject "TryCatchSwiftDos" */;
			compatibilityVersion = "Xcode 3.2";
			developmentRegion = English;
			hasScannedForEncodings = 0;
			knownRegions = (
				en,
				Base,
			);
			mainGroup = 471ADD091BADD136001ECD5B;
			productRefGroup = 471ADD131BADD136001ECD5B /* Products */;
			projectDirPath = "";
			projectRoot = "";
			targets = (
				471ADD111BADD136001ECD5B /* TryCatchSwiftDos */,
			);
		};
/* End PBXProject section */

/* Begin PBXResourcesBuildPhase section */
		471ADD101BADD136001ECD5B /* Resources */ = {
			isa = PBXResourcesBuildPhase;
			buildActionMask = 2147483647;
			files = (
				471ADD201BADD136001ECD5B /* LaunchScreen.storyboard in Resources */,
				471ADD1D1BADD136001ECD5B /* Assets.xcassets in Resources */,
				471ADD1B1BADD136001ECD5B /* Main.storyboard in Resources */,
			);
			runOnlyForDeploymentPostprocessing = 0;
		};
/* End PBXResourcesBuildPhase section */

/* Begin PBXSourcesBuildPhase section */
		471ADD0E1BADD136001ECD5B /* Sources */ = {
			isa = PBXSourcesBuildPhase;
			buildActionMask = 2147483647;
			files = (
				471ADD181BADD136001ECD5B /* ViewController.swift in Sources */,
				471ADD161BADD136001ECD5B /* AppDelegate.swift in Sources */,
			);
			runOnlyForDeploymentPostprocessing = 0;
		};
/* End PBXSourcesBuildPhase section */

/* Begin PBXVariantGroup section */
		471ADD191BADD136001ECD5B /* Main.storyboard */ = {
			isa = PBXVariantGroup;
			children = (
				471ADD1A1BADD136001ECD5B /* Base */,
			);
			name = Main.storyboard;
			sourceTree = "<group>";
		};
		471ADD1E1BADD136001ECD5B /* LaunchScreen.storyboard */ = {
			isa = PBXVariantGroup;
			children = (
				471ADD1F1BADD136001ECD5B /* Base */,
			);
			name = LaunchScreen.storyboard;
			sourceTree = "<group>";
		};
/* End PBXVariantGroup section */

/* Begin XCBuildConfiguration section */
		471ADD221BADD136001ECD5B /* Debug */ = {
			isa = XCBuildConfiguration;
			buildSettings = {
				ALWAYS_SEARCH_USER_PATHS = NO;
				CLANG_CXX_LANGUAGE_STANDARD = "gnu++0x";
				CLANG_CXX_LIBRARY = "libc++";
				CLANG_ENABLE_MODULES = YES;
				CLANG_ENABLE_OBJC_ARC = YES;
				CLANG_WARN_BOOL_CONVERSION = YES;
				CLANG_WARN_CONSTANT_CONVERSION = YES;
				CLANG_WARN_DIRECT_OBJC_ISA_USAGE = YES_ERROR;
				CLANG_WARN_EMPTY_BODY = YES;
				CLANG_WARN_ENUM_CONVERSION = YES;
				CLANG_WARN_INT_CONVERSION = YES;
				CLANG_WARN_OBJC_ROOT_CLASS = YES_ERROR;
				CLANG_WARN_UNREACHABLE_CODE = YES;
				CLANG_WARN__DUPLICATE_METHOD_MATCH = YES;
				"CODE_SIGN_IDENTITY[sdk=iphoneos*]" = "iPhone Developer";
				COPY_PHASE_STRIP = NO;
				DEBUG_INFORMATION_FORMAT = dwarf;
				ENABLE_STRICT_OBJC_MSGSEND = YES;
				ENABLE_TESTABILITY = YES;
				GCC_C_LANGUAGE_STANDARD = gnu99;
				GCC_DYNAMIC_NO_PIC = NO;
				GCC_NO_COMMON_BLOCKS = YES;
				GCC_OPTIMIZATION_LEVEL = 0;
				GCC_PREPROCESSOR_DEFINITIONS = (
					"DEBUG=1",
					"$(inherited)",
				);
				GCC_WARN_64_TO_32_BIT_CONVERSION = YES;
				GCC_WARN_ABOUT_RETURN_TYPE = YES_ERROR;
				GCC_WARN_UNDECLARED_SELECTOR = YES;
				GCC_WARN_UNINITIALIZED_AUTOS = YES_AGGRESSIVE;
				GCC_WARN_UNUSED_FUNCTION = YES;
				GCC_WARN_UNUSED_VARIABLE = YES;
				IPHONEOS_DEPLOYMENT_TARGET = 9.0;
				MTL_ENABLE_DEBUG_INFO = YES;
				ONLY_ACTIVE_ARCH = YES;
				SDKROOT = iphoneos;
				SWIFT_OPTIMIZATION_LEVEL = "-Onone";
			};
			name = Debug;
		};
		471ADD231BADD136001ECD5B /* Release */ = {
			isa = XCBuildConfiguration;
			buildSettings = {
				ALWAYS_SEARCH_USER_PATHS = NO;
				CLANG_CXX_LANGUAGE_STANDARD = "gnu++0x";
				CLANG_CXX_LIBRARY = "libc++";
				CLANG_ENABLE_MODULES = YES;
				CLANG_ENABLE_OBJC_ARC = YES;
				CLANG_WARN_BOOL_CONVERSION = YES;
				CLANG_WARN_CONSTANT_CONVERSION = YES;
				CLANG_WARN_DIRECT_OBJC_ISA_USAGE = YES_ERROR;
				CLANG_WARN_EMPTY_BODY = YES;
				CLANG_WARN_ENUM_CONVERSION = YES;
				CLANG_WARN_INT_CONVERSION = YES;
				CLANG_WARN_OBJC_ROOT_CLASS = YES_ERROR;
				CLANG_WARN_UNREACHABLE_CODE = YES;
				CLANG_WARN__DUPLICATE_METHOD_MATCH = YES;
				"CODE_SIGN_IDENTITY[sdk=iphoneos*]" = "iPhone Developer";
				COPY_PHASE_STRIP = NO;
				DEBUG_INFORMATION_FORMAT = "dwarf-with-dsym";
				ENABLE_NS_ASSERTIONS = NO;
				ENABLE_STRICT_OBJC_MSGSEND = YES;
				GCC_C_LANGUAGE_STANDARD = gnu99;
				GCC_NO_COMMON_BLOCKS = YES;
				GCC_WARN_64_TO_32_BIT_CONVERSION = YES;
				GCC_WARN_ABOUT_RETURN_TYPE = YES_ERROR;
				GCC_WARN_UNDECLARED_SELECTOR = YES;
				GCC_WARN_UNINITIALIZED_AUTOS = YES_AGGRESSIVE;
				GCC_WARN_UNUSED_FUNCTION = YES;
				GCC_WARN_UNUSED_VARIABLE = YES;
				IPHONEOS_DEPLOYMENT_TARGET = 9.0;
				MTL_ENABLE_DEBUG_INFO = NO;
				SDKROOT = iphoneos;
				VALIDATE_PRODUCT = YES;
			};
			name = Release;
		};
		471ADD251BADD136001ECD5B /* Debug */ = {
			isa = XCBuildConfiguration;
			buildSettings = {
				ASSETCATALOG_COMPILER_APPICON_NAME = AppIcon;
				INFOPLIST_FILE = TryCatchSwiftDos/Info.plist;
				LD_RUNPATH_SEARCH_PATHS = "$(inherited) @executable_path/Frameworks";
				PRODUCT_BUNDLE_IDENTIFIER = com.iphone4peru.TryCatchSwiftDos;
				PRODUCT_NAME = "$(TARGET_NAME)";
			};
			name = Debug;
		};
		471ADD261BADD136001ECD5B /* Release */ = {
			isa = XCBuildConfiguration;
			buildSettings = {
				ASSETCATALOG_COMPILER_APPICON_NAME = AppIcon;
				INFOPLIST_FILE = TryCatchSwiftDos/Info.plist;
				LD_RUNPATH_SEARCH_PATHS = "$(inherited) @executable_path/Frameworks";
				PRODUCT_BUNDLE_IDENTIFIER = com.iphone4peru.TryCatchSwiftDos;
				PRODUCT_NAME = "$(TARGET_NAME)";
			};
			name = Release;
		};
/* End XCBuildConfiguration section */

/* Begin XCConfigurationList section */
		471ADD0D1BADD136001ECD5B /* Build configuration list for PBXProject "TryCatchSwiftDos" */ = {
			isa = XCConfigurationList;
			buildConfigurations = (
				471ADD221BADD136001ECD5B /* Debug */,
				471ADD231BADD136001ECD5B /* Release */,
			);
			defaultConfigurationIsVisible = 0;
			defaultConfigurationName = Release;
		};
		471ADD241BADD136001ECD5B /* Build configuration list for PBXNativeTarget "TryCatchSwiftDos" */ = {
			isa = XCConfigurationList;
			buildConfigurations = (
				471ADD251BADD136001ECD5B /* Debug */,
				471ADD261BADD136001ECD5B /* Release */,
			);
			defaultConfigurationIsVisible = 0;
		};
/* End XCConfigurationList section */
	};
	rootObject = 471ADD0A1BADD136001ECD5B /* Project object */;
}
