// !$*UTF8*$!
{
	archiveVersion = 1;
	classes = {
	};
	objectVersion = 46;
	objects = {

/* Begin PBXBuildFile section */
		4774E99C1BA664AF00E94847 /* Store.swift in Sources */ = {isa = PBXBuildFile; fileRef = 4774E99B1BA664AF00E94847 /* Store.swift */; };
		4774E99E1BA664B000E94847 /* Producto.swift in Sources */ = {isa = PBXBuildFile; fileRef = 4774E99D1BA664B000E94847 /* Producto.swift */; };
		47D9BD761BA48BDA0015D572 /* AppDelegate.swift in Sources */ = {isa = PBXBuildFile; fileRef = 47D9BD751BA48BDA0015D572 /* AppDelegate.swift */; };
		47D9BD791BA48BDA0015D572 /* TemplateCoreData.xcdatamodeld in Sources */ = {isa = PBXBuildFile; fileRef = 47D9BD771BA48BDA0015D572 /* TemplateCoreData.xcdatamodeld */; };
		47D9BD7B1BA48BDA0015D572 /* ViewController.swift in Sources */ = {isa = PBXBuildFile; fileRef = 47D9BD7A1BA48BDA0015D572 /* ViewController.swift */; };
		47D9BD7E1BA48BDA0015D572 /* Main.storyboard in Resources */ = {isa = PBXBuildFile; fileRef = 47D9BD7C1BA48BDA0015D572 /* Main.storyboard */; };
		47D9BD801BA48BDA0015D572 /* Images.xcassets in Resources */ = {isa = PBXBuildFile; fileRef = 47D9BD7F1BA48BDA0015D572 /* Images.xcassets */; };
		47D9BD831BA48BDA0015D572 /* LaunchScreen.xib in Resources */ = {isa = PBXBuildFile; fileRef = 47D9BD811BA48BDA0015D572 /* LaunchScreen.xib */; };
		47D9BD8F1BA48BDB0015D572 /* TemplateCoreDataTests.swift in Sources */ = {isa = PBXBuildFile; fileRef = 47D9BD8E1BA48BDB0015D572 /* TemplateCoreDataTests.swift */; };
/* End PBXBuildFile section */

/* Begin PBXContainerItemProxy section */
		47D9BD891BA48BDB0015D572 /* PBXContainerItemProxy */ = {
			isa = PBXContainerItemProxy;
			containerPortal = 47D9BD681BA48BDA0015D572 /* Project object */;
			proxyType = 1;
			remoteGlobalIDString = 47D9BD6F1BA48BDA0015D572;
			remoteInfo = TemplateCoreData;
		};
/* End PBXContainerItemProxy section */

/* Begin PBXFileReference section */
		4774E99B1BA664AF00E94847 /* Store.swift */ = {isa = PBXFileReference; fileEncoding = 4; lastKnownFileType = sourcecode.swift; path = Store.swift; sourceTree = "<group>"; };
		4774E99D1BA664B000E94847 /* Producto.swift */ = {isa = PBXFileReference; fileEncoding = 4; lastKnownFileType = sourcecode.swift; path = Producto.swift; sourceTree = "<group>"; };
		47D9BD701BA48BDA0015D572 /* TemplateCoreData.app */ = {isa = PBXFileReference; explicitFileType = wrapper.application; includeInIndex = 0; path = TemplateCoreData.app; sourceTree = BUILT_PRODUCTS_DIR; };
		47D9BD741BA48BDA0015D572 /* Info.plist */ = {isa = PBXFileReference; lastKnownFileType = text.plist.xml; path = Info.plist; sourceTree = "<group>"; };
		47D9BD751BA48BDA0015D572 /* AppDelegate.swift */ = {isa = PBXFileReference; lastKnownFileType = sourcecode.swift; path = AppDelegate.swift; sourceTree = "<group>"; };
		47D9BD781BA48BDA0015D572 /* TemplateCoreData.xcdatamodel */ = {isa = PBXFileReference; lastKnownFileType = wrapper.xcdatamodel; path = TemplateCoreData.xcdatamodel; sourceTree = "<group>"; };
		47D9BD7A1BA48BDA0015D572 /* ViewController.swift */ = {isa = PBXFileReference; lastKnownFileType = sourcecode.swift; path = ViewController.swift; sourceTree = "<group>"; };
		47D9BD7D1BA48BDA0015D572 /* Base */ = {isa = PBXFileReference; lastKnownFileType = file.storyboard; name = Base; path = Base.lproj/Main.storyboard; sourceTree = "<group>"; };
		47D9BD7F1BA48BDA0015D572 /* Images.xcassets */ = {isa = PBXFileReference; lastKnownFileType = folder.assetcatalog; path = Images.xcassets; sourceTree = "<group>"; };
		47D9BD821BA48BDA0015D572 /* Base */ = {isa = PBXFileReference; lastKnownFileType = file.xib; name = Base; path = Base.lproj/LaunchScreen.xib; sourceTree = "<group>"; };
		47D9BD881BA48BDB0015D572 /* TemplateCoreDataTests.xctest */ = {isa = PBXFileReference; explicitFileType = wrapper.cfbundle; includeInIndex = 0; path = TemplateCoreDataTests.xctest; sourceTree = BUILT_PRODUCTS_DIR; };
		47D9BD8D1BA48BDB0015D572 /* Info.plist */ = {isa = PBXFileReference; lastKnownFileType = text.plist.xml; path = Info.plist; sourceTree = "<group>"; };
		47D9BD8E1BA48BDB0015D572 /* TemplateCoreDataTests.swift */ = {isa = PBXFileReference; lastKnownFileType = sourcecode.swift; path = TemplateCoreDataTests.swift; sourceTree = "<group>"; };
/* End PBXFileReference section */

/* Begin PBXFrameworksBuildPhase section */
		47D9BD6D1BA48BDA0015D572 /* Frameworks */ = {
			isa = PBXFrameworksBuildPhase;
			buildActionMask = 2147483647;
			files = (
			);
			runOnlyForDeploymentPostprocessing = 0;
		};
		47D9BD851BA48BDB0015D572 /* Frameworks */ = {
			isa = PBXFrameworksBuildPhase;
			buildActionMask = 2147483647;
			files = (
			);
			runOnlyForDeploymentPostprocessing = 0;
		};
/* End PBXFrameworksBuildPhase section */

/* Begin PBXGroup section */
		47D9BD671BA48BDA0015D572 = {
			isa = PBXGroup;
			children = (
				47D9BD721BA48BDA0015D572 /* TemplateCoreData */,
				47D9BD8B1BA48BDB0015D572 /* TemplateCoreDataTests */,
				47D9BD711BA48BDA0015D572 /* Products */,
			);
			sourceTree = "<group>";
		};
		47D9BD711BA48BDA0015D572 /* Products */ = {
			isa = PBXGroup;
			children = (
				47D9BD701BA48BDA0015D572 /* TemplateCoreData.app */,
				47D9BD881BA48BDB0015D572 /* TemplateCoreDataTests.xctest */,
			);
			name = Products;
			sourceTree = "<group>";
		};
		47D9BD721BA48BDA0015D572 /* TemplateCoreData */ = {
			isa = PBXGroup;
			children = (
				47D9BD751BA48BDA0015D572 /* AppDelegate.swift */,
				47D9BD7A1BA48BDA0015D572 /* ViewController.swift */,
				4774E99D1BA664B000E94847 /* Producto.swift */,
				4774E99B1BA664AF00E94847 /* Store.swift */,
				47D9BD771BA48BDA0015D572 /* TemplateCoreData.xcdatamodeld */,
				47D9BD7C1BA48BDA0015D572 /* Main.storyboard */,
				47D9BD7F1BA48BDA0015D572 /* Images.xcassets */,
				47D9BD811BA48BDA0015D572 /* LaunchScreen.xib */,
				47D9BD731BA48BDA0015D572 /* Supporting Files */,
			);
			path = TemplateCoreData;
			sourceTree = "<group>";
		};
		47D9BD731BA48BDA0015D572 /* Supporting Files */ = {
			isa = PBXGroup;
			children = (
				47D9BD741BA48BDA0015D572 /* Info.plist */,
			);
			name = "Supporting Files";
			sourceTree = "<group>";
		};
		47D9BD8B1BA48BDB0015D572 /* TemplateCoreDataTests */ = {
			isa = PBXGroup;
			children = (
				47D9BD8E1BA48BDB0015D572 /* TemplateCoreDataTests.swift */,
				47D9BD8C1BA48BDB0015D572 /* Supporting Files */,
			);
			path = TemplateCoreDataTests;
			sourceTree = "<group>";
		};
		47D9BD8C1BA48BDB0015D572 /* Supporting Files */ = {
			isa = PBXGroup;
			children = (
				47D9BD8D1BA48BDB0015D572 /* Info.plist */,
			);
			name = "Supporting Files";
			sourceTree = "<group>";
		};
/* End PBXGroup section */

/* Begin PBXNativeTarget section */
		47D9BD6F1BA48BDA0015D572 /* TemplateCoreData */ = {
			isa = PBXNativeTarget;
			buildConfigurationList = 47D9BD921BA48BDB0015D572 /* Build configuration list for PBXNativeTarget "TemplateCoreData" */;
			buildPhases = (
				47D9BD6C1BA48BDA0015D572 /* Sources */,
				47D9BD6D1BA48BDA0015D572 /* Frameworks */,
				47D9BD6E1BA48BDA0015D572 /* Resources */,
			);
			buildRules = (
			);
			dependencies = (
			);
			name = TemplateCoreData;
			productName = TemplateCoreData;
			productReference = 47D9BD701BA48BDA0015D572 /* TemplateCoreData.app */;
			productType = "com.apple.product-type.application";
		};
		47D9BD871BA48BDB0015D572 /* TemplateCoreDataTests */ = {
			isa = PBXNativeTarget;
			buildConfigurationList = 47D9BD951BA48BDB0015D572 /* Build configuration list for PBXNativeTarget "TemplateCoreDataTests" */;
			buildPhases = (
				47D9BD841BA48BDB0015D572 /* Sources */,
				47D9BD851BA48BDB0015D572 /* Frameworks */,
				47D9BD861BA48BDB0015D572 /* Resources */,
			);
			buildRules = (
			);
			dependencies = (
				47D9BD8A1BA48BDB0015D572 /* PBXTargetDependency */,
			);
			name = TemplateCoreDataTests;
			productName = TemplateCoreDataTests;
			productReference = 47D9BD881BA48BDB0015D572 /* TemplateCoreDataTests.xctest */;
			productType = "com.apple.product-type.bundle.unit-test";
		};
/* End PBXNativeTarget section */

/* Begin PBXProject section */
		47D9BD681BA48BDA0015D572 /* Project object */ = {
			isa = PBXProject;
			attributes = {
				LastUpgradeCheck = 0640;
				ORGANIZATIONNAME = iphone4peru.com;
				TargetAttributes = {
					47D9BD6F1BA48BDA0015D572 = {
						CreatedOnToolsVersion = 6.4;
					};
					47D9BD871BA48BDB0015D572 = {
						CreatedOnToolsVersion = 6.4;
						TestTargetID = 47D9BD6F1BA48BDA0015D572;
					};
				};
			};
			buildConfigurationList = 47D9BD6B1BA48BDA0015D572 /* Build configuration list for PBXProject "TemplateCoreData" */;
			compatibilityVersion = "Xcode 3.2";
			developmentRegion = English;
			hasScannedForEncodings = 0;
			knownRegions = (
				en,
				Base,
			);
			mainGroup = 47D9BD671BA48BDA0015D572;
			productRefGroup = 47D9BD711BA48BDA0015D572 /* Products */;
			projectDirPath = "";
			projectRoot = "";
			targets = (
				47D9BD6F1BA48BDA0015D572 /* TemplateCoreData */,
				47D9BD871BA48BDB0015D572 /* TemplateCoreDataTests */,
			);
		};
/* End PBXProject section */

/* Begin PBXResourcesBuildPhase section */
		47D9BD6E1BA48BDA0015D572 /* Resources */ = {
			isa = PBXResourcesBuildPhase;
			buildActionMask = 2147483647;
			files = (
				47D9BD7E1BA48BDA0015D572 /* Main.storyboard in Resources */,
				47D9BD831BA48BDA0015D572 /* LaunchScreen.xib in Resources */,
				47D9BD801BA48BDA0015D572 /* Images.xcassets in Resources */,
			);
			runOnlyForDeploymentPostprocessing = 0;
		};
		47D9BD861BA48BDB0015D572 /* Resources */ = {
			isa = PBXResourcesBuildPhase;
			buildActionMask = 2147483647;
			files = (
			);
			runOnlyForDeploymentPostprocessing = 0;
		};
/* End PBXResourcesBuildPhase section */

/* Begin PBXSourcesBuildPhase section */
		47D9BD6C1BA48BDA0015D572 /* Sources */ = {
			isa = PBXSourcesBuildPhase;
			buildActionMask = 2147483647;
			files = (
				47D9BD7B1BA48BDA0015D572 /* ViewController.swift in Sources */,
				47D9BD791BA48BDA0015D572 /* TemplateCoreData.xcdatamodeld in Sources */,
				4774E99E1BA664B000E94847 /* Producto.swift in Sources */,
				47D9BD761BA48BDA0015D572 /* AppDelegate.swift in Sources */,
				4774E99C1BA664AF00E94847 /* Store.swift in Sources */,
			);
			runOnlyForDeploymentPostprocessing = 0;
		};
		47D9BD841BA48BDB0015D572 /* Sources */ = {
			isa = PBXSourcesBuildPhase;
			buildActionMask = 2147483647;
			files = (
				47D9BD8F1BA48BDB0015D572 /* TemplateCoreDataTests.swift in Sources */,
			);
			runOnlyForDeploymentPostprocessing = 0;
		};
/* End PBXSourcesBuildPhase section */

/* Begin PBXTargetDependency section */
		47D9BD8A1BA48BDB0015D572 /* PBXTargetDependency */ = {
			isa = PBXTargetDependency;
			target = 47D9BD6F1BA48BDA0015D572 /* TemplateCoreData */;
			targetProxy = 47D9BD891BA48BDB0015D572 /* PBXContainerItemProxy */;
		};
/* End PBXTargetDependency section */

/* Begin PBXVariantGroup section */
		47D9BD7C1BA48BDA0015D572 /* Main.storyboard */ = {
			isa = PBXVariantGroup;
			children = (
				47D9BD7D1BA48BDA0015D572 /* Base */,
			);
			name = Main.storyboard;
			sourceTree = "<group>";
		};
		47D9BD811BA48BDA0015D572 /* LaunchScreen.xib */ = {
			isa = PBXVariantGroup;
			children = (
				47D9BD821BA48BDA0015D572 /* Base */,
			);
			name = LaunchScreen.xib;
			sourceTree = "<group>";
		};
/* End PBXVariantGroup section */

/* Begin XCBuildConfiguration section */
		47D9BD901BA48BDB0015D572 /* Debug */ = {
			isa = XCBuildConfiguration;
			buildSettings = {
				ALWAYS_SEARCH_USER_PATHS = NO;
				CLANG_CXX_LANGUAGE_STANDARD = "gnu++0x";
				CLANG_CXX_LIBRARY = "libc++";
				CLANG_ENABLE_MODULES = YES;
				CLANG_ENABLE_OBJC_ARC = YES;
				CLANG_WARN_BOOL_CONVERSION = YES;
				CLANG_WARN_CONSTANT_CONVERSION = YES;
				CLANG_WARN_DIRECT_OBJC_ISA_USAGE = YES_ERROR;
				CLANG_WARN_EMPTY_BODY = YES;
				CLANG_WARN_ENUM_CONVERSION = YES;
				CLANG_WARN_INT_CONVERSION = YES;
				CLANG_WARN_OBJC_ROOT_CLASS = YES_ERROR;
				CLANG_WARN_UNREACHABLE_CODE = YES;
				CLANG_WARN__DUPLICATE_METHOD_MATCH = YES;
				"CODE_SIGN_IDENTITY[sdk=iphoneos*]" = "iPhone Developer";
				COPY_PHASE_STRIP = NO;
				DEBUG_INFORMATION_FORMAT = "dwarf-with-dsym";
				ENABLE_STRICT_OBJC_MSGSEND = YES;
				GCC_C_LANGUAGE_STANDARD = gnu99;
				GCC_DYNAMIC_NO_PIC = NO;
				GCC_NO_COMMON_BLOCKS = YES;
				GCC_OPTIMIZATION_LEVEL = 0;
				GCC_PREPROCESSOR_DEFINITIONS = (
					"DEBUG=1",
					"$(inherited)",
				);
				GCC_SYMBOLS_PRIVATE_EXTERN = NO;
				GCC_WARN_64_TO_32_BIT_CONVERSION = YES;
				GCC_WARN_ABOUT_RETURN_TYPE = YES_ERROR;
				GCC_WARN_UNDECLARED_SELECTOR = YES;
				GCC_WARN_UNINITIALIZED_AUTOS = YES_AGGRESSIVE;
				GCC_WARN_UNUSED_FUNCTION = YES;
				GCC_WARN_UNUSED_VARIABLE = YES;
				IPHONEOS_DEPLOYMENT_TARGET = 8.4;
				MTL_ENABLE_DEBUG_INFO = YES;
				ONLY_ACTIVE_ARCH = YES;
				SDKROOT = iphoneos;
				SWIFT_OPTIMIZATION_LEVEL = "-Onone";
			};
			name = Debug;
		};
		47D9BD911BA48BDB0015D572 /* Release */ = {
			isa = XCBuildConfiguration;
			buildSettings = {
				ALWAYS_SEARCH_USER_PATHS = NO;
				CLANG_CXX_LANGUAGE_STANDARD = "gnu++0x";
				CLANG_CXX_LIBRARY = "libc++";
				CLANG_ENABLE_MODULES = YES;
				CLANG_ENABLE_OBJC_ARC = YES;
				CLANG_WARN_BOOL_CONVERSION = YES;
				CLANG_WARN_CONSTANT_CONVERSION = YES;
				CLANG_WARN_DIRECT_OBJC_ISA_USAGE = YES_ERROR;
				CLANG_WARN_EMPTY_BODY = YES;
				CLANG_WARN_ENUM_CONVERSION = YES;
				CLANG_WARN_INT_CONVERSION = YES;
				CLANG_WARN_OBJC_ROOT_CLASS = YES_ERROR;
				CLANG_WARN_UNREACHABLE_CODE = YES;
				CLANG_WARN__DUPLICATE_METHOD_MATCH = YES;
				"CODE_SIGN_IDENTITY[sdk=iphoneos*]" = "iPhone Developer";
				COPY_PHASE_STRIP = NO;
				DEBUG_INFORMATION_FORMAT = "dwarf-with-dsym";
				ENABLE_NS_ASSERTIONS = NO;
				ENABLE_STRICT_OBJC_MSGSEND = YES;
				GCC_C_LANGUAGE_STANDARD = gnu99;
				GCC_NO_COMMON_BLOCKS = YES;
				GCC_WARN_64_TO_32_BIT_CONVERSION = YES;
				GCC_WARN_ABOUT_RETURN_TYPE = YES_ERROR;
				GCC_WARN_UNDECLARED_SELECTOR = YES;
				GCC_WARN_UNINITIALIZED_AUTOS = YES_AGGRESSIVE;
				GCC_WARN_UNUSED_FUNCTION = YES;
				GCC_WARN_UNUSED_VARIABLE = YES;
				IPHONEOS_DEPLOYMENT_TARGET = 8.4;
				MTL_ENABLE_DEBUG_INFO = NO;
				SDKROOT = iphoneos;
				VALIDATE_PRODUCT = YES;
			};
			name = Release;
		};
		47D9BD931BA48BDB0015D572 /* Debug */ = {
			isa = XCBuildConfiguration;
			buildSettings = {
				ASSETCATALOG_COMPILER_APPICON_NAME = AppIcon;
				INFOPLIST_FILE = TemplateCoreData/Info.plist;
				LD_RUNPATH_SEARCH_PATHS = "$(inherited) @executable_path/Frameworks";
				PRODUCT_NAME = "$(TARGET_NAME)";
			};
			name = Debug;
		};
		47D9BD941BA48BDB0015D572 /* Release */ = {
			isa = XCBuildConfiguration;
			buildSettings = {
				ASSETCATALOG_COMPILER_APPICON_NAME = AppIcon;
				INFOPLIST_FILE = TemplateCoreData/Info.plist;
				LD_RUNPATH_SEARCH_PATHS = "$(inherited) @executable_path/Frameworks";
				PRODUCT_NAME = "$(TARGET_NAME)";
			};
			name = Release;
		};
		47D9BD961BA48BDB0015D572 /* Debug */ = {
			isa = XCBuildConfiguration;
			buildSettings = {
				BUNDLE_LOADER = "$(TEST_HOST)";
				FRAMEWORK_SEARCH_PATHS = (
					"$(SDKROOT)/Developer/Library/Frameworks",
					"$(inherited)",
				);
				GCC_PREPROCESSOR_DEFINITIONS = (
					"DEBUG=1",
					"$(inherited)",
				);
				INFOPLIST_FILE = TemplateCoreDataTests/Info.plist;
				LD_RUNPATH_SEARCH_PATHS = "$(inherited) @executable_path/Frameworks @loader_path/Frameworks";
				PRODUCT_NAME = "$(TARGET_NAME)";
				TEST_HOST = "$(BUILT_PRODUCTS_DIR)/TemplateCoreData.app/TemplateCoreData";
			};
			name = Debug;
		};
		47D9BD971BA48BDB0015D572 /* Release */ = {
			isa = XCBuildConfiguration;
			buildSettings = {
				BUNDLE_LOADER = "$(TEST_HOST)";
				FRAMEWORK_SEARCH_PATHS = (
					"$(SDKROOT)/Developer/Library/Frameworks",
					"$(inherited)",
				);
				INFOPLIST_FILE = TemplateCoreDataTests/Info.plist;
				LD_RUNPATH_SEARCH_PATHS = "$(inherited) @executable_path/Frameworks @loader_path/Frameworks";
				PRODUCT_NAME = "$(TARGET_NAME)";
				TEST_HOST = "$(BUILT_PRODUCTS_DIR)/TemplateCoreData.app/TemplateCoreData";
			};
			name = Release;
		};
/* End XCBuildConfiguration section */

/* Begin XCConfigurationList section */
		47D9BD6B1BA48BDA0015D572 /* Build configuration list for PBXProject "TemplateCoreData" */ = {
			isa = XCConfigurationList;
			buildConfigurations = (
				47D9BD901BA48BDB0015D572 /* Debug */,
				47D9BD911BA48BDB0015D572 /* Release */,
			);
			defaultConfigurationIsVisible = 0;
			defaultConfigurationName = Release;
		};
		47D9BD921BA48BDB0015D572 /* Build configuration list for PBXNativeTarget "TemplateCoreData" */ = {
			isa = XCConfigurationList;
			buildConfigurations = (
				47D9BD931BA48BDB0015D572 /* Debug */,
				47D9BD941BA48BDB0015D572 /* Release */,
			);
			defaultConfigurationIsVisible = 0;
			defaultConfigurationName = Release;
		};
		47D9BD951BA48BDB0015D572 /* Build configuration list for PBXNativeTarget "TemplateCoreDataTests" */ = {
			isa = XCConfigurationList;
			buildConfigurations = (
				47D9BD961BA48BDB0015D572 /* Debug */,
				47D9BD971BA48BDB0015D572 /* Release */,
			);
			defaultConfigurationIsVisible = 0;
			defaultConfigurationName = Release;
		};
/* End XCConfigurationList section */

/* Begin XCVersionGroup section */
		47D9BD771BA48BDA0015D572 /* TemplateCoreData.xcdatamodeld */ = {
			isa = XCVersionGroup;
			children = (
				47D9BD781BA48BDA0015D572 /* TemplateCoreData.xcdatamodel */,
			);
			currentVersion = 47D9BD781BA48BDA0015D572 /* TemplateCoreData.xcdatamodel */;
			path = TemplateCoreData.xcdatamodeld;
			sourceTree = "<group>";
			versionGroupType = wrapper.xcdatamodel;
		};
/* End XCVersionGroup section */
	};
	rootObject = 47D9BD681BA48BDA0015D572 /* Project object */;
}
